<?xml version="1.0" encoding="utf-8"?>
<Project ToolsVersion="4.0" xmlns="http://schemas.microsoft.com/developer/msbuild/2003">
  <ItemGroup>
    <Filter Include="Source Files">
      <UniqueIdentifier>{4FC737F1-C7A5-4376-A066-2A32D752A2FF}</UniqueIdentifier>
      <Extensions>cpp;c;cc;cxx;c++;cppm;ixx;def;odl;idl;hpj;bat;asm;asmx</Extensions>
    </Filter>
    <Filter Include="Header Files">
      <UniqueIdentifier>{93995380-89BD-4b04-88EB-625FBE52EBFB}</UniqueIdentifier>
      <Extensions>h;hh;hpp;hxx;h++;hm;inl;inc;ipp;xsd</Extensions>
    </Filter>
    <Filter Include="Resource Files">
      <UniqueIdentifier>{67DA6AB6-F800-4c08-8B7A-83BB121AAD01}</UniqueIdentifier>
      <Extensions>rc;ico;cur;bmp;dlg;rc2;rct;bin;rgs;gif;jpg;jpeg;jpe;resx;tiff;tif;png;wav;mfcribbon-ms</Extensions>
    </Filter>
    <Filter Include="Logic/">
      <UniqueIdentifier>{6e8d193b-cc5d-4add-a032-91cc338a65aa}</UniqueIdentifier>
    </Filter>
    <Filter Include="Utils/">
      <UniqueIdentifier>{ebe67ba3-7a13-4c75-8a1c-0159277f6f47}</UniqueIdentifier>
    </Filter>
    <Filter Include="Interface/">
      <UniqueIdentifier>{46d75596-99fb-4a7a-b3ad-d6d06d6e5cca}</UniqueIdentifier>
    </Filter>
  </ItemGroup>
  <ItemGroup>
    <ClCompile Include="main.cpp">
      <Filter>Source Files</Filter>
    </ClCompile>
    <ClCompile Include="Map.cpp">
      <Filter>Resource Files</Filter>
    </ClCompile>
    <ClCompile Include="Ghost.cpp">
      <Filter>Resource Files</Filter>
    </ClCompile>
    <ClCompile Include="GameLogic.cpp">
      <Filter>Resource Files</Filter>
    </ClCompile>
    <ClCompile Include="PDcursesInterface.cpp">
      <Filter>Resource Files</Filter>
    </ClCompile>
    <ClCompile Include="LinkedList.cpp">
      <Filter>Resource Files</Filter>
    </ClCompile>
    <ClCompile Include="PacMan.cpp">
      <Filter>Resource Files</Filter>
    </ClCompile>
    <ClCompile Include="Character.cpp">
      <Filter>Resource Files</Filter>
    </ClCompile>
    <ClCompile Include="UIManager.cpp">
      <Filter>Resource Files</Filter>
    </ClCompile>
    <ClCompile Include="PowerPellet.cpp">
      <Filter>Resource Files</Filter>
    </ClCompile>
    <ClCompile Include="GameInterface.cpp">
      <Filter>Resource Files</Filter>
    </ClCompile>
    <ClCompile Include="Pellets.cpp">
      <Filter>Resource Files</Filter>
    </ClCompile>
  </ItemGroup>
  <ItemGroup>
    <ClInclude Include="Map.h">
      <Filter>Header Files</Filter>
    </ClInclude>
    <ClInclude Include="GameLogic.h">
      <Filter>Header Files</Filter>
    </ClInclude>
    <ClInclude Include="Ghost.h">
      <Filter>Header Files</Filter>
    </ClInclude>
    <ClInclude Include="PacMan.h">
      <Filter>Header Files</Filter>
    </ClInclude>
    <ClInclude Include="LinkedList.h">
      <Filter>Header Files</Filter>
    </ClInclude>
    <ClInclude Include="PDcursesInterface.h">
      <Filter>Header Files</Filter>
    </ClInclude>
    <ClInclude Include="GameInterface.h">
      <Filter>Header Files</Filter>
    </ClInclude>
    <ClInclude Include="Character.h">
      <Filter>Header Files</Filter>
    </ClInclude>
    <ClInclude Include="UIManager.h">
      <Filter>Header Files</Filter>
    </ClInclude>
    <ClInclude Include="PowerPellet.h">
      <Filter>Header Files</Filter>
    </ClInclude>
    <ClInclude Include="Pellets.h">
      <Filter>Header Files</Filter>
    </ClInclude>
  </ItemGroup>
</Project>